
Microsoft Visual Studio Solution File, Format Version 12.00
# Visual Studio Version 16
VisualStudioVersion = 16.0.28922.388
MinimumVisualStudioVersion = 10.0.40219.1
Project("{FAE04EC0-301F-11D3-BF4B-00C04F79EFBC}") = "Prims_Find", "Prims_Find\Prims_Find.csproj", "{5B531387-9EB7-4415-9EAB-93EE74C6070D}"
EndProject
Global
	GlobalSection(SolutionConfigurationPlatforms) = preSolution
		Debug|Any CPU = Debug|Any CPU
		Release|Any CPU = Release|Any CPU
	EndGlobalSection
	GlobalSection(ProjectConfigurationPlatforms) = postSolution
		{5B531387-9EB7-4415-9EAB-93EE74C6070D}.Debug|Any CPU.ActiveCfg = Debug|Any CPU
		{5B531387-9EB7-4415-9EAB-93EE74C6070D}.Debug|Any CPU.Build.0 = Debug|Any CPU
		{5B531387-9EB7-4415-9EAB-93EE74C6070D}.Release|Any CPU.ActiveCfg = Release|Any CPU
		{5B531387-9EB7-4415-9EAB-93EE74C6070D}.Release|Any CPU.Build.0 = Release|Any CPU
	EndGlobalSection
	GlobalSection(SolutionProperties) = preSolution
		HideSolutionNode = FALSE
	EndGlobalSection
	GlobalSection(ExtensibilityGlobals) = postSolution
		SolutionGuid = {431861B5-D104-4055-B0A7-76EE2CDB0320}
	EndGlobalSection
EndGlobal
